// !$*UTF8*$!
{
	archiveVersion = 1;
	classes = {
	};
	objectVersion = 56;
	objects = {

/* Begin PBXBuildFile section */
		570690EC29B63938002705F1 /* cities.json in Resources */ = {isa = PBXBuildFile; fileRef = 570690EB29B63938002705F1 /* cities.json */; };
		570690EE29B63AD4002705F1 /* Array+random.swift in Sources */ = {isa = PBXBuildFile; fileRef = 570690ED29B63AD4002705F1 /* Array+random.swift */; };
		57E47C7E29B36607003208D6 /* AppDelegate.swift in Sources */ = {isa = PBXBuildFile; fileRef = 57E47C7D29B36607003208D6 /* AppDelegate.swift */; };
		57E47C8229B36607003208D6 /* GameView.swift in Sources */ = {isa = PBXBuildFile; fileRef = 57E47C8129B36607003208D6 /* GameView.swift */; };
		57E47C8829B36607003208D6 /* TheGame.xcdatamodeld in Sources */ = {isa = PBXBuildFile; fileRef = 57E47C8629B36607003208D6 /* TheGame.xcdatamodeld */; };
		57E47C8A29B36607003208D6 /* Assets.xcassets in Resources */ = {isa = PBXBuildFile; fileRef = 57E47C8929B36607003208D6 /* Assets.xcassets */; };
		57E47C8D29B36607003208D6 /* LaunchScreen.storyboard in Resources */ = {isa = PBXBuildFile; fileRef = 57E47C8B29B36607003208D6 /* LaunchScreen.storyboard */; };
		57E47CB929B36BA5003208D6 /* BaseView.swift in Sources */ = {isa = PBXBuildFile; fileRef = 57E47CB829B36BA5003208D6 /* BaseView.swift */; };
		57E47CBB29B36BD8003208D6 /* GameView.xib in Resources */ = {isa = PBXBuildFile; fileRef = 57E47CBA29B36BD8003208D6 /* GameView.xib */; };
		57E47CBE29B3731F003208D6 /* GameKit.swift in Sources */ = {isa = PBXBuildFile; fileRef = 57E47CBD29B3731F003208D6 /* GameKit.swift */; };
		57E47CC029B382C2003208D6 /* UtilityKit.swift in Sources */ = {isa = PBXBuildFile; fileRef = 57E47CBF29B382C2003208D6 /* UtilityKit.swift */; };
		57E47CC229B38DF1003208D6 /* GameCoordinator.swift in Sources */ = {isa = PBXBuildFile; fileRef = 57E47CC129B38DF1003208D6 /* GameCoordinator.swift */; };
		57E47CC429B38DFC003208D6 /* GameRouter.swift in Sources */ = {isa = PBXBuildFile; fileRef = 57E47CC329B38DFC003208D6 /* GameRouter.swift */; };
		57E47CC629B38E21003208D6 /* BaseRouter.swift in Sources */ = {isa = PBXBuildFile; fileRef = 57E47CC529B38E21003208D6 /* BaseRouter.swift */; };
		57E47CC929B3E16E003208D6 /* Double+random.swift in Sources */ = {isa = PBXBuildFile; fileRef = 57E47CC829B3E16E003208D6 /* Double+random.swift */; };
		57E47CD329B40B68003208D6 /* GeoJSON.swift in Sources */ = {isa = PBXBuildFile; fileRef = 57E47CD229B40B68003208D6 /* GeoJSON.swift */; };
/* End PBXBuildFile section */

/* Begin PBXFileReference section */
		570690EB29B63938002705F1 /* cities.json */ = {isa = PBXFileReference; fileEncoding = 4; lastKnownFileType = text.json; path = cities.json; sourceTree = "<group>"; };
		570690ED29B63AD4002705F1 /* Array+random.swift */ = {isa = PBXFileReference; lastKnownFileType = sourcecode.swift; path = "Array+random.swift"; sourceTree = "<group>"; };
		57E47C7A29B36607003208D6 /* TheGame.app */ = {isa = PBXFileReference; explicitFileType = wrapper.application; includeInIndex = 0; path = TheGame.app; sourceTree = BUILT_PRODUCTS_DIR; };
		57E47C7D29B36607003208D6 /* AppDelegate.swift */ = {isa = PBXFileReference; lastKnownFileType = sourcecode.swift; path = AppDelegate.swift; sourceTree = "<group>"; };
		57E47C8129B36607003208D6 /* GameView.swift */ = {isa = PBXFileReference; lastKnownFileType = sourcecode.swift; path = GameView.swift; sourceTree = "<group>"; };
		57E47C8729B36607003208D6 /* TheGame.xcdatamodel */ = {isa = PBXFileReference; lastKnownFileType = wrapper.xcdatamodel; path = TheGame.xcdatamodel; sourceTree = "<group>"; };
		57E47C8929B36607003208D6 /* Assets.xcassets */ = {isa = PBXFileReference; lastKnownFileType = folder.assetcatalog; path = Assets.xcassets; sourceTree = "<group>"; };
		57E47C8C29B36607003208D6 /* Base */ = {isa = PBXFileReference; lastKnownFileType = file.storyboard; name = Base; path = Base.lproj/LaunchScreen.storyboard; sourceTree = "<group>"; };
		57E47C8E29B36607003208D6 /* Info.plist */ = {isa = PBXFileReference; lastKnownFileType = text.plist.xml; path = Info.plist; sourceTree = "<group>"; };
		57E47CB029B36650003208D6 /* TheGame.entitlements */ = {isa = PBXFileReference; lastKnownFileType = text.plist.entitlements; path = TheGame.entitlements; sourceTree = "<group>"; };
		57E47CB829B36BA5003208D6 /* BaseView.swift */ = {isa = PBXFileReference; lastKnownFileType = sourcecode.swift; path = BaseView.swift; sourceTree = "<group>"; };
		57E47CBA29B36BD8003208D6 /* GameView.xib */ = {isa = PBXFileReference; lastKnownFileType = file.xib; path = GameView.xib; sourceTree = "<group>"; };
		57E47CBD29B3731F003208D6 /* GameKit.swift */ = {isa = PBXFileReference; lastKnownFileType = sourcecode.swift; path = GameKit.swift; sourceTree = "<group>"; };
		57E47CBF29B382C2003208D6 /* UtilityKit.swift */ = {isa = PBXFileReference; lastKnownFileType = sourcecode.swift; path = UtilityKit.swift; sourceTree = "<group>"; };
		57E47CC129B38DF1003208D6 /* GameCoordinator.swift */ = {isa = PBXFileReference; lastKnownFileType = sourcecode.swift; path = GameCoordinator.swift; sourceTree = "<group>"; };
		57E47CC329B38DFC003208D6 /* GameRouter.swift */ = {isa = PBXFileReference; lastKnownFileType = sourcecode.swift; path = GameRouter.swift; sourceTree = "<group>"; };
		57E47CC529B38E21003208D6 /* BaseRouter.swift */ = {isa = PBXFileReference; lastKnownFileType = sourcecode.swift; path = BaseRouter.swift; sourceTree = "<group>"; };
		57E47CC829B3E16E003208D6 /* Double+random.swift */ = {isa = PBXFileReference; lastKnownFileType = sourcecode.swift; path = "Double+random.swift"; sourceTree = "<group>"; };
		57E47CD229B40B68003208D6 /* GeoJSON.swift */ = {isa = PBXFileReference; lastKnownFileType = sourcecode.swift; path = GeoJSON.swift; sourceTree = "<group>"; };
/* End PBXFileReference section */

/* Begin PBXFrameworksBuildPhase section */
		57E47C7729B36607003208D6 /* Frameworks */ = {
			isa = PBXFrameworksBuildPhase;
			buildActionMask = 2147483647;
			files = (
			);
			runOnlyForDeploymentPostprocessing = 0;
		};
/* End PBXFrameworksBuildPhase section */

/* Begin PBXGroup section */
		57E47C7129B36606003208D6 = {
			isa = PBXGroup;
			children = (
				57E47C7C29B36607003208D6 /* TheGame */,
				57E47C7B29B36607003208D6 /* Products */,
			);
			sourceTree = "<group>";
		};
		57E47C7B29B36607003208D6 /* Products */ = {
			isa = PBXGroup;
			children = (
				57E47C7A29B36607003208D6 /* TheGame.app */,
			);
			name = Products;
			sourceTree = "<group>";
		};
		57E47C7C29B36607003208D6 /* TheGame */ = {
			isa = PBXGroup;
			children = (
				57E47C7D29B36607003208D6 /* AppDelegate.swift */,
				57E47CB629B36B88003208D6 /* Common */,
				57E47CBC29B372FF003208D6 /* Services */,
				57E47CB329B36AFA003208D6 /* Modules */,
				57E47CB229B36A98003208D6 /* Resources */,
			);
			path = TheGame;
			sourceTree = "<group>";
		};
		57E47CB229B36A98003208D6 /* Resources */ = {
			isa = PBXGroup;
			children = (
				57E47CB029B36650003208D6 /* TheGame.entitlements */,
				57E47C8629B36607003208D6 /* TheGame.xcdatamodeld */,
				57E47C8929B36607003208D6 /* Assets.xcassets */,
				57E47C8B29B36607003208D6 /* LaunchScreen.storyboard */,
				57E47C8E29B36607003208D6 /* Info.plist */,
				570690EB29B63938002705F1 /* cities.json */,
			);
			path = Resources;
			sourceTree = "<group>";
		};
		57E47CB329B36AFA003208D6 /* Modules */ = {
			isa = PBXGroup;
			children = (
				57E47CC729B3AEB4003208D6 /* Game */,
			);
			path = Modules;
			sourceTree = "<group>";
		};
		57E47CB629B36B88003208D6 /* Common */ = {
			isa = PBXGroup;
			children = (
				57E47CCA29B3F643003208D6 /* System */,
				57E47CB729B36B99003208D6 /* Custom */,
			);
			path = Common;
			sourceTree = "<group>";
		};
		57E47CB729B36B99003208D6 /* Custom */ = {
			isa = PBXGroup;
			children = (
				57E47CB829B36BA5003208D6 /* BaseView.swift */,
				57E47CC529B38E21003208D6 /* BaseRouter.swift */,
				57E47CD229B40B68003208D6 /* GeoJSON.swift */,
			);
			path = Custom;
			sourceTree = "<group>";
		};
		57E47CBC29B372FF003208D6 /* Services */ = {
			isa = PBXGroup;
			children = (
				57E47CBD29B3731F003208D6 /* GameKit.swift */,
				57E47CBF29B382C2003208D6 /* UtilityKit.swift */,
			);
			path = Services;
			sourceTree = "<group>";
		};
		57E47CC729B3AEB4003208D6 /* Game */ = {
			isa = PBXGroup;
			children = (
				57E47CC329B38DFC003208D6 /* GameRouter.swift */,
				57E47CC129B38DF1003208D6 /* GameCoordinator.swift */,
				57E47C8129B36607003208D6 /* GameView.swift */,
				57E47CBA29B36BD8003208D6 /* GameView.xib */,
			);
			path = Game;
			sourceTree = "<group>";
		};
		57E47CCA29B3F643003208D6 /* System */ = {
			isa = PBXGroup;
			children = (
				57E47CC829B3E16E003208D6 /* Double+random.swift */,
				570690ED29B63AD4002705F1 /* Array+random.swift */,
			);
			path = System;
			sourceTree = "<group>";
		};
/* End PBXGroup section */

/* Begin PBXNativeTarget section */
		57E47C7929B36607003208D6 /* TheGame */ = {
			isa = PBXNativeTarget;
			buildConfigurationList = 57E47CA729B36607003208D6 /* Build configuration list for PBXNativeTarget "TheGame" */;
			buildPhases = (
				57E47C7629B36607003208D6 /* Sources */,
				57E47C7729B36607003208D6 /* Frameworks */,
				57E47C7829B36607003208D6 /* Resources */,
			);
			buildRules = (
			);
			dependencies = (
			);
			name = TheGame;
			packageProductDependencies = (
			);
			productName = TheGame;
			productReference = 57E47C7A29B36607003208D6 /* TheGame.app */;
			productType = "com.apple.product-type.application";
		};
/* End PBXNativeTarget section */

/* Begin PBXProject section */
		57E47C7229B36606003208D6 /* Project object */ = {
			isa = PBXProject;
			attributes = {
				BuildIndependentTargetsInParallel = 1;
				LastSwiftUpdateCheck = 1420;
				LastUpgradeCheck = 1420;
				TargetAttributes = {
					57E47C7929B36607003208D6 = {
						CreatedOnToolsVersion = 14.2;
					};
				};
			};
			buildConfigurationList = 57E47C7529B36606003208D6 /* Build configuration list for PBXProject "TheGame" */;
			compatibilityVersion = "Xcode 14.0";
			developmentRegion = en;
			hasScannedForEncodings = 0;
			knownRegions = (
				en,
				Base,
			);
			mainGroup = 57E47C7129B36606003208D6;
			packageReferences = (
			);
			productRefGroup = 57E47C7B29B36607003208D6 /* Products */;
			projectDirPath = "";
			projectRoot = "";
			targets = (
				57E47C7929B36607003208D6 /* TheGame */,
			);
		};
/* End PBXProject section */

/* Begin PBXResourcesBuildPhase section */
		57E47C7829B36607003208D6 /* Resources */ = {
			isa = PBXResourcesBuildPhase;
			buildActionMask = 2147483647;
			files = (
				570690EC29B63938002705F1 /* cities.json in Resources */,
				57E47C8D29B36607003208D6 /* LaunchScreen.storyboard in Resources */,
				57E47C8A29B36607003208D6 /* Assets.xcassets in Resources */,
				57E47CBB29B36BD8003208D6 /* GameView.xib in Resources */,
			);
			runOnlyForDeploymentPostprocessing = 0;
		};
/* End PBXResourcesBuildPhase section */

/* Begin PBXSourcesBuildPhase section */
		57E47C7629B36607003208D6 /* Sources */ = {
			isa = PBXSourcesBuildPhase;
			buildActionMask = 2147483647;
			files = (
				570690EE29B63AD4002705F1 /* Array+random.swift in Sources */,
				57E47C8229B36607003208D6 /* GameView.swift in Sources */,
				57E47CD329B40B68003208D6 /* GeoJSON.swift in Sources */,
				57E47CC629B38E21003208D6 /* BaseRouter.swift in Sources */,
				57E47CBE29B3731F003208D6 /* GameKit.swift in Sources */,
				57E47CC929B3E16E003208D6 /* Double+random.swift in Sources */,
				57E47C7E29B36607003208D6 /* AppDelegate.swift in Sources */,
				57E47CC029B382C2003208D6 /* UtilityKit.swift in Sources */,
				57E47CB929B36BA5003208D6 /* BaseView.swift in Sources */,
				57E47CC429B38DFC003208D6 /* GameRouter.swift in Sources */,
				57E47C8829B36607003208D6 /* TheGame.xcdatamodeld in Sources */,
				57E47CC229B38DF1003208D6 /* GameCoordinator.swift in Sources */,
			);
			runOnlyForDeploymentPostprocessing = 0;
		};
/* End PBXSourcesBuildPhase section */

/* Begin PBXVariantGroup section */
		57E47C8B29B36607003208D6 /* LaunchScreen.storyboard */ = {
			isa = PBXVariantGroup;
			children = (
				57E47C8C29B36607003208D6 /* Base */,
			);
			name = LaunchScreen.storyboard;
			sourceTree = "<group>";
		};
/* End PBXVariantGroup section */

/* Begin XCBuildConfiguration section */
		57E47CA529B36607003208D6 /* Debug */ = {
			isa = XCBuildConfiguration;
			buildSettings = {
				ALWAYS_SEARCH_USER_PATHS = NO;
				CLANG_ANALYZER_NONNULL = YES;
				CLANG_ANALYZER_NUMBER_OBJECT_CONVERSION = YES_AGGRESSIVE;
				CLANG_CXX_LANGUAGE_STANDARD = "gnu++20";
				CLANG_ENABLE_MODULES = YES;
				CLANG_ENABLE_OBJC_ARC = YES;
				CLANG_ENABLE_OBJC_WEAK = YES;
				CLANG_WARN_BLOCK_CAPTURE_AUTORELEASING = YES;
				CLANG_WARN_BOOL_CONVERSION = YES;
				CLANG_WARN_COMMA = YES;
				CLANG_WARN_CONSTANT_CONVERSION = YES;
				CLANG_WARN_DEPRECATED_OBJC_IMPLEMENTATIONS = YES;
				CLANG_WARN_DIRECT_OBJC_ISA_USAGE = YES_ERROR;
				CLANG_WARN_DOCUMENTATION_COMMENTS = YES;
				CLANG_WARN_EMPTY_BODY = YES;
				CLANG_WARN_ENUM_CONVERSION = YES;
				CLANG_WARN_INFINITE_RECURSION = YES;
				CLANG_WARN_INT_CONVERSION = YES;
				CLANG_WARN_NON_LITERAL_NULL_CONVERSION = YES;
				CLANG_WARN_OBJC_IMPLICIT_RETAIN_SELF = YES;
				CLANG_WARN_OBJC_LITERAL_CONVERSION = YES;
				CLANG_WARN_OBJC_ROOT_CLASS = YES_ERROR;
				CLANG_WARN_QUOTED_INCLUDE_IN_FRAMEWORK_HEADER = YES;
				CLANG_WARN_RANGE_LOOP_ANALYSIS = YES;
				CLANG_WARN_STRICT_PROTOTYPES = YES;
				CLANG_WARN_SUSPICIOUS_MOVE = YES;
				CLANG_WARN_UNGUARDED_AVAILABILITY = YES_AGGRESSIVE;
				CLANG_WARN_UNREACHABLE_CODE = YES;
				CLANG_WARN__DUPLICATE_METHOD_MATCH = YES;
				COPY_PHASE_STRIP = NO;
				DEBUG_INFORMATION_FORMAT = dwarf;
				ENABLE_STRICT_OBJC_MSGSEND = YES;
				ENABLE_TESTABILITY = YES;
				GCC_C_LANGUAGE_STANDARD = gnu11;
				GCC_DYNAMIC_NO_PIC = NO;
				GCC_NO_COMMON_BLOCKS = YES;
				GCC_OPTIMIZATION_LEVEL = 0;
				GCC_PREPROCESSOR_DEFINITIONS = (
					"DEBUG=1",
					"$(inherited)",
				);
				GCC_WARN_64_TO_32_BIT_CONVERSION = YES;
				GCC_WARN_ABOUT_RETURN_TYPE = YES_ERROR;
				GCC_WARN_UNDECLARED_SELECTOR = YES;
				GCC_WARN_UNINITIALIZED_AUTOS = YES_AGGRESSIVE;
				GCC_WARN_UNUSED_FUNCTION = YES;
				GCC_WARN_UNUSED_VARIABLE = YES;
				IPHONEOS_DEPLOYMENT_TARGET = 16.2;
				MTL_ENABLE_DEBUG_INFO = INCLUDE_SOURCE;
				MTL_FAST_MATH = YES;
				ONLY_ACTIVE_ARCH = YES;
				SDKROOT = iphoneos;
				SWIFT_ACTIVE_COMPILATION_CONDITIONS = DEBUG;
				SWIFT_OPTIMIZATION_LEVEL = "-Onone";
			};
			name = Debug;
		};
		57E47CA629B36607003208D6 /* Release */ = {
			isa = XCBuildConfiguration;
			buildSettings = {
				ALWAYS_SEARCH_USER_PATHS = NO;
				CLANG_ANALYZER_NONNULL = YES;
				CLANG_ANALYZER_NUMBER_OBJECT_CONVERSION = YES_AGGRESSIVE;
				CLANG_CXX_LANGUAGE_STANDARD = "gnu++20";
				CLANG_ENABLE_MODULES = YES;
				CLANG_ENABLE_OBJC_ARC = YES;
				CLANG_ENABLE_OBJC_WEAK = YES;
				CLANG_WARN_BLOCK_CAPTURE_AUTORELEASING = YES;
				CLANG_WARN_BOOL_CONVERSION = YES;
				CLANG_WARN_COMMA = YES;
				CLANG_WARN_CONSTANT_CONVERSION = YES;
				CLANG_WARN_DEPRECATED_OBJC_IMPLEMENTATIONS = YES;
				CLANG_WARN_DIRECT_OBJC_ISA_USAGE = YES_ERROR;
				CLANG_WARN_DOCUMENTATION_COMMENTS = YES;
				CLANG_WARN_EMPTY_BODY = YES;
				CLANG_WARN_ENUM_CONVERSION = YES;
				CLANG_WARN_INFINITE_RECURSION = YES;
				CLANG_WARN_INT_CONVERSION = YES;
				CLANG_WARN_NON_LITERAL_NULL_CONVERSION = YES;
				CLANG_WARN_OBJC_IMPLICIT_RETAIN_SELF = YES;
				CLANG_WARN_OBJC_LITERAL_CONVERSION = YES;
				CLANG_WARN_OBJC_ROOT_CLASS = YES_ERROR;
				CLANG_WARN_QUOTED_INCLUDE_IN_FRAMEWORK_HEADER = YES;
				CLANG_WARN_RANGE_LOOP_ANALYSIS = YES;
				CLANG_WARN_STRICT_PROTOTYPES = YES;
				CLANG_WARN_SUSPICIOUS_MOVE = YES;
				CLANG_WARN_UNGUARDED_AVAILABILITY = YES_AGGRESSIVE;
				CLANG_WARN_UNREACHABLE_CODE = YES;
				CLANG_WARN__DUPLICATE_METHOD_MATCH = YES;
				COPY_PHASE_STRIP = NO;
				DEBUG_INFORMATION_FORMAT = "dwarf-with-dsym";
				ENABLE_NS_ASSERTIONS = NO;
				ENABLE_STRICT_OBJC_MSGSEND = YES;
				GCC_C_LANGUAGE_STANDARD = gnu11;
				GCC_NO_COMMON_BLOCKS = YES;
				GCC_WARN_64_TO_32_BIT_CONVERSION = YES;
				GCC_WARN_ABOUT_RETURN_TYPE = YES_ERROR;
				GCC_WARN_UNDECLARED_SELECTOR = YES;
				GCC_WARN_UNINITIALIZED_AUTOS = YES_AGGRESSIVE;
				GCC_WARN_UNUSED_FUNCTION = YES;
				GCC_WARN_UNUSED_VARIABLE = YES;
				IPHONEOS_DEPLOYMENT_TARGET = 16.2;
				MTL_ENABLE_DEBUG_INFO = NO;
				MTL_FAST_MATH = YES;
				SDKROOT = iphoneos;
				SWIFT_COMPILATION_MODE = wholemodule;
				SWIFT_OPTIMIZATION_LEVEL = "-O";
				VALIDATE_PRODUCT = YES;
			};
			name = Release;
		};
		57E47CA829B36607003208D6 /* Debug */ = {
			isa = XCBuildConfiguration;
			buildSettings = {
				ASSETCATALOG_COMPILER_APPICON_NAME = AppIcon;
				ASSETCATALOG_COMPILER_GLOBAL_ACCENT_COLOR_NAME = AccentColor;
				CODE_SIGN_ENTITLEMENTS = TheGame/Resources/TheGame.entitlements;
				CODE_SIGN_STYLE = Automatic;
				CURRENT_PROJECT_VERSION = 1;
				DEVELOPMENT_TEAM = 5DVQ5BG38S;
				GENERATE_INFOPLIST_FILE = YES;
				INFOPLIST_FILE = TheGame/Resources/Info.plist;
				INFOPLIST_KEY_CFBundleDisplayName = "What's the º";
				INFOPLIST_KEY_LSApplicationCategoryType = "public.app-category.games";
				INFOPLIST_KEY_NSMicrophoneUsageDescription = "We may ask to use your microphone for you to be able to use Voicechat";
				INFOPLIST_KEY_UIApplicationSupportsIndirectInputEvents = YES;
				INFOPLIST_KEY_UILaunchStoryboardName = LaunchScreen;
				INFOPLIST_KEY_UIStatusBarHidden = NO;
				INFOPLIST_KEY_UIStatusBarStyle = UIStatusBarStyleLightContent;
				INFOPLIST_KEY_UISupportedInterfaceOrientations_iPad = "UIInterfaceOrientationPortrait UIInterfaceOrientationPortraitUpsideDown UIInterfaceOrientationLandscapeLeft UIInterfaceOrientationLandscapeRight";
				INFOPLIST_KEY_UISupportedInterfaceOrientations_iPhone = UIInterfaceOrientationPortrait;
				IPHONEOS_DEPLOYMENT_TARGET = 16.0;
				LD_RUNPATH_SEARCH_PATHS = (
					"$(inherited)",
					"@executable_path/Frameworks",
				);
				MARKETING_VERSION = 1.0;
				PRODUCT_BUNDLE_IDENTIFIER = com.lit.game;
				PRODUCT_NAME = "$(TARGET_NAME)";
				SUPPORTED_PLATFORMS = "iphoneos iphonesimulator";
				SUPPORTS_MACCATALYST = NO;
				SUPPORTS_MAC_DESIGNED_FOR_IPHONE_IPAD = YES;
				SWIFT_EMIT_LOC_STRINGS = YES;
				SWIFT_VERSION = 5.0;
				TARGETED_DEVICE_FAMILY = 1;
			};
			name = Debug;
		};
		57E47CA929B36607003208D6 /* Release */ = {
			isa = XCBuildConfiguration;
			buildSettings = {
				ASSETCATALOG_COMPILER_APPICON_NAME = AppIcon;
				ASSETCATALOG_COMPILER_GLOBAL_ACCENT_COLOR_NAME = AccentColor;
				CODE_SIGN_ENTITLEMENTS = TheGame/Resources/TheGame.entitlements;
				CODE_SIGN_STYLE = Automatic;
				CURRENT_PROJECT_VERSION = 1;
				DEVELOPMENT_TEAM = 5DVQ5BG38S;
				GENERATE_INFOPLIST_FILE = YES;
				INFOPLIST_FILE = TheGame/Resources/Info.plist;
				INFOPLIST_KEY_CFBundleDisplayName = "What's the º";
				INFOPLIST_KEY_LSApplicationCategoryType = "public.app-category.games";
				INFOPLIST_KEY_NSMicrophoneUsageDescription = "We may ask to use your microphone for you to be able to use Voicechat";
				INFOPLIST_KEY_UIApplicationSupportsIndirectInputEvents = YES;
				INFOPLIST_KEY_UILaunchStoryboardName = LaunchScreen;
				INFOPLIST_KEY_UIStatusBarHidden = NO;
				INFOPLIST_KEY_UIStatusBarStyle = UIStatusBarStyleLightContent;
				INFOPLIST_KEY_UISupportedInterfaceOrientations_iPad = "UIInterfaceOrientationPortrait UIInterfaceOrientationPortraitUpsideDown UIInterfaceOrientationLandscapeLeft UIInterfaceOrientationLandscapeRight";
				INFOPLIST_KEY_UISupportedInterfaceOrientations_iPhone = UIInterfaceOrientationPortrait;
				IPHONEOS_DEPLOYMENT_TARGET = 16.0;
				LD_RUNPATH_SEARCH_PATHS = (
					"$(inherited)",
					"@executable_path/Frameworks",
				);
				MARKETING_VERSION = 1.0;
				PRODUCT_BUNDLE_IDENTIFIER = com.lit.game;
				PRODUCT_NAME = "$(TARGET_NAME)";
				SUPPORTED_PLATFORMS = "iphoneos iphonesimulator";
				SUPPORTS_MACCATALYST = NO;
				SUPPORTS_MAC_DESIGNED_FOR_IPHONE_IPAD = YES;
				SWIFT_EMIT_LOC_STRINGS = YES;
				SWIFT_VERSION = 5.0;
				TARGETED_DEVICE_FAMILY = 1;
			};
			name = Release;
		};
/* End XCBuildConfiguration section */

/* Begin XCConfigurationList section */
		57E47C7529B36606003208D6 /* Build configuration list for PBXProject "TheGame" */ = {
			isa = XCConfigurationList;
			buildConfigurations = (
				57E47CA529B36607003208D6 /* Debug */,
				57E47CA629B36607003208D6 /* Release */,
			);
			defaultConfigurationIsVisible = 0;
			defaultConfigurationName = Release;
		};
		57E47CA729B36607003208D6 /* Build configuration list for PBXNativeTarget "TheGame" */ = {
			isa = XCConfigurationList;
			buildConfigurations = (
				57E47CA829B36607003208D6 /* Debug */,
				57E47CA929B36607003208D6 /* Release */,
			);
			defaultConfigurationIsVisible = 0;
			defaultConfigurationName = Release;
		};
/* End XCConfigurationList section */

/* Begin XCVersionGroup section */
		57E47C8629B36607003208D6 /* TheGame.xcdatamodeld */ = {
			isa = XCVersionGroup;
			children = (
				57E47C8729B36607003208D6 /* TheGame.xcdatamodel */,
			);
			currentVersion = 57E47C8729B36607003208D6 /* TheGame.xcdatamodel */;
			path = TheGame.xcdatamodeld;
			sourceTree = "<group>";
			versionGroupType = wrapper.xcdatamodel;
		};
/* End XCVersionGroup section */
	};
	rootObject = 57E47C7229B36606003208D6 /* Project object */;
}
